
Microsoft Visual Studio Solution File, Format Version 12.00
# Visual Studio 15
VisualStudioVersion = 15.0.28010.2050
MinimumVisualStudioVersion = 10.0.40219.1
Project("{FAE04EC0-301F-11D3-BF4B-00C04F79EFBC}") = "ATHub.Models", "ATHub.Models\ATHub.Models.csproj", "{7256DB54-24FA-4A77-BD8C-60B35A6D060D}"
EndProject
Project("{FAE04EC0-301F-11D3-BF4B-00C04F79EFBC}") = "ATHub.Data", "ATHub.Data\ATHub.Data.csproj", "{0EE61A48-36D6-4AD7-9131-6CC95B2D0C29}"
EndProject
Project("{FAE04EC0-301F-11D3-BF4B-00C04F79EFBC}") = "ATHub.Services", "ATHub.Services\ATHub.Services.csproj", "{100EC8DE-A684-445B-8FEF-F5EE605BEDC5}"
EndProject
Project("{FAE04EC0-301F-11D3-BF4B-00C04F79EFBC}") = "ATHub.Web", "ATHub.Web\ATHub.Web.csproj", "{B6DF3930-E78B-4F2E-BF33-BE2ECF1EE1CA}"
EndProject
Global
	GlobalSection(SolutionConfigurationPlatforms) = preSolution
		Debug|Any CPU = Debug|Any CPU
		Release|Any CPU = Release|Any CPU
	EndGlobalSection
	GlobalSection(ProjectConfigurationPlatforms) = postSolution
		{7256DB54-24FA-4A77-BD8C-60B35A6D060D}.Debug|Any CPU.ActiveCfg = Debug|Any CPU
		{7256DB54-24FA-4A77-BD8C-60B35A6D060D}.Debug|Any CPU.Build.0 = Debug|Any CPU
		{7256DB54-24FA-4A77-BD8C-60B35A6D060D}.Release|Any CPU.ActiveCfg = Release|Any CPU
		{7256DB54-24FA-4A77-BD8C-60B35A6D060D}.Release|Any CPU.Build.0 = Release|Any CPU
		{0EE61A48-36D6-4AD7-9131-6CC95B2D0C29}.Debug|Any CPU.ActiveCfg = Debug|Any CPU
		{0EE61A48-36D6-4AD7-9131-6CC95B2D0C29}.Debug|Any CPU.Build.0 = Debug|Any CPU
		{0EE61A48-36D6-4AD7-9131-6CC95B2D0C29}.Release|Any CPU.ActiveCfg = Release|Any CPU
		{0EE61A48-36D6-4AD7-9131-6CC95B2D0C29}.Release|Any CPU.Build.0 = Release|Any CPU
		{100EC8DE-A684-445B-8FEF-F5EE605BEDC5}.Debug|Any CPU.ActiveCfg = Debug|Any CPU
		{100EC8DE-A684-445B-8FEF-F5EE605BEDC5}.Debug|Any CPU.Build.0 = Debug|Any CPU
		{100EC8DE-A684-445B-8FEF-F5EE605BEDC5}.Release|Any CPU.ActiveCfg = Release|Any CPU
		{100EC8DE-A684-445B-8FEF-F5EE605BEDC5}.Release|Any CPU.Build.0 = Release|Any CPU
		{B6DF3930-E78B-4F2E-BF33-BE2ECF1EE1CA}.Debug|Any CPU.ActiveCfg = Debug|Any CPU
		{B6DF3930-E78B-4F2E-BF33-BE2ECF1EE1CA}.Debug|Any CPU.Build.0 = Debug|Any CPU
		{B6DF3930-E78B-4F2E-BF33-BE2ECF1EE1CA}.Release|Any CPU.ActiveCfg = Release|Any CPU
		{B6DF3930-E78B-4F2E-BF33-BE2ECF1EE1CA}.Release|Any CPU.Build.0 = Release|Any CPU
	EndGlobalSection
	GlobalSection(SolutionProperties) = preSolution
		HideSolutionNode = FALSE
	EndGlobalSection
	GlobalSection(ExtensibilityGlobals) = postSolution
		SolutionGuid = {EA9BF28B-AC9E-483D-9427-BBB125DAD04D}
	EndGlobalSection
EndGlobal
